// !$*UTF8*$!
{
	archiveVersion = 1;
	classes = {
	};
	objectVersion = 46;
	objects = {

/* Begin PBXBuildFile section */
		C4CDC8B51BCD10770061C168 /* main.m in Sources */ = {isa = PBXBuildFile; fileRef = C4CDC8B41BCD10770061C168 /* main.m */; };
		C4CDC8B81BCD10780061C168 /* GEAppDelegate.m in Sources */ = {isa = PBXBuildFile; fileRef = C4CDC8B71BCD10780061C168 /* GEAppDelegate.m */; };
		C4CDC8BE1BCD10780061C168 /* Main.storyboard in Resources */ = {isa = PBXBuildFile; fileRef = C4CDC8BC1BCD10780061C168 /* Main.storyboard */; };
		C4CDC8C31BCD10780061C168 /* LaunchScreen.storyboard in Resources */ = {isa = PBXBuildFile; fileRef = C4CDC8C11BCD10780061C168 /* LaunchScreen.storyboard */; };
		C4CDC8CE1BCD10780061C168 /* GoEuroObjCTests.m in Sources */ = {isa = PBXBuildFile; fileRef = C4CDC8CD1BCD10780061C168 /* GoEuroObjCTests.m */; };
		C4CDC8D91BCD10780061C168 /* GoEuroObjCUITests.m in Sources */ = {isa = PBXBuildFile; fileRef = C4CDC8D81BCD10780061C168 /* GoEuroObjCUITests.m */; };
		C4CDC9231BCD2EC20061C168 /* Myriad Pro in Resources */ = {isa = PBXBuildFile; fileRef = C4CDC9221BCD2EC20061C168 /* Myriad Pro */; settings = {ASSET_TAGS = (); }; };
		C4CDC9261BCD37130061C168 /* GESearchViewController.m in Sources */ = {isa = PBXBuildFile; fileRef = C4CDC9251BCD37130061C168 /* GESearchViewController.m */; settings = {ASSET_TAGS = (); }; };
		C4CDC92F1BCD3F080061C168 /* GECommunicator.m in Sources */ = {isa = PBXBuildFile; fileRef = C4CDC92E1BCD3F080061C168 /* GECommunicator.m */; settings = {ASSET_TAGS = (); }; };
		C4CDC9301BCD3F080061C168 /* GECommunicator.m in Sources */ = {isa = PBXBuildFile; fileRef = C4CDC92E1BCD3F080061C168 /* GECommunicator.m */; settings = {ASSET_TAGS = (); }; };
		C4CDC9311BCD3F190061C168 /* GESearchViewController.m in Sources */ = {isa = PBXBuildFile; fileRef = C4CDC9251BCD37130061C168 /* GESearchViewController.m */; settings = {ASSET_TAGS = (); }; };
		C4CDC9341BCD3F390061C168 /* GEManager.m in Sources */ = {isa = PBXBuildFile; fileRef = C4CDC9331BCD3F390061C168 /* GEManager.m */; settings = {ASSET_TAGS = (); }; };
		C4CDC9351BCD3F390061C168 /* GEManager.m in Sources */ = {isa = PBXBuildFile; fileRef = C4CDC9331BCD3F390061C168 /* GEManager.m */; settings = {ASSET_TAGS = (); }; };
/* End PBXBuildFile section */

/* Begin PBXContainerItemProxy section */
		C4CDC8CA1BCD10780061C168 /* PBXContainerItemProxy */ = {
			isa = PBXContainerItemProxy;
			containerPortal = C4CDC8A81BCD10770061C168 /* Project object */;
			proxyType = 1;
			remoteGlobalIDString = C4CDC8AF1BCD10770061C168;
			remoteInfo = GoEuroObjC;
		};
		C4CDC8D51BCD10780061C168 /* PBXContainerItemProxy */ = {
			isa = PBXContainerItemProxy;
			containerPortal = C4CDC8A81BCD10770061C168 /* Project object */;
			proxyType = 1;
			remoteGlobalIDString = C4CDC8AF1BCD10770061C168;
			remoteInfo = GoEuroObjC;
		};
/* End PBXContainerItemProxy section */

/* Begin PBXFileReference section */
		C4CDC8B01BCD10770061C168 /* GoEuroObjC.app */ = {isa = PBXFileReference; explicitFileType = wrapper.application; includeInIndex = 0; path = GoEuroObjC.app; sourceTree = BUILT_PRODUCTS_DIR; };
		C4CDC8B41BCD10770061C168 /* main.m */ = {isa = PBXFileReference; lastKnownFileType = sourcecode.c.objc; path = main.m; sourceTree = "<group>"; };
		C4CDC8B61BCD10780061C168 /* GEAppDelegate.h */ = {isa = PBXFileReference; lastKnownFileType = sourcecode.c.h; path = GEAppDelegate.h; sourceTree = "<group>"; };
		C4CDC8B71BCD10780061C168 /* GEAppDelegate.m */ = {isa = PBXFileReference; lastKnownFileType = sourcecode.c.objc; path = GEAppDelegate.m; sourceTree = "<group>"; };
		C4CDC8BD1BCD10780061C168 /* Base */ = {isa = PBXFileReference; lastKnownFileType = file.storyboard; name = Base; path = Base.lproj/Main.storyboard; sourceTree = "<group>"; };
		C4CDC8C21BCD10780061C168 /* Base */ = {isa = PBXFileReference; lastKnownFileType = file.storyboard; name = Base; path = Base.lproj/LaunchScreen.storyboard; sourceTree = "<group>"; };
		C4CDC8C41BCD10780061C168 /* Info.plist */ = {isa = PBXFileReference; lastKnownFileType = text.plist.xml; path = Info.plist; sourceTree = "<group>"; };
		C4CDC8C91BCD10780061C168 /* GoEuroObjCTests.xctest */ = {isa = PBXFileReference; explicitFileType = wrapper.cfbundle; includeInIndex = 0; path = GoEuroObjCTests.xctest; sourceTree = BUILT_PRODUCTS_DIR; };
		C4CDC8CD1BCD10780061C168 /* GoEuroObjCTests.m */ = {isa = PBXFileReference; lastKnownFileType = sourcecode.c.objc; path = GoEuroObjCTests.m; sourceTree = "<group>"; };
		C4CDC8CF1BCD10780061C168 /* Info.plist */ = {isa = PBXFileReference; lastKnownFileType = text.plist.xml; path = Info.plist; sourceTree = "<group>"; };
		C4CDC8D41BCD10780061C168 /* GoEuroObjCUITests.xctest */ = {isa = PBXFileReference; explicitFileType = wrapper.cfbundle; includeInIndex = 0; path = GoEuroObjCUITests.xctest; sourceTree = BUILT_PRODUCTS_DIR; };
		C4CDC8D81BCD10780061C168 /* GoEuroObjCUITests.m */ = {isa = PBXFileReference; lastKnownFileType = sourcecode.c.objc; path = GoEuroObjCUITests.m; sourceTree = "<group>"; };
		C4CDC8DA1BCD10780061C168 /* Info.plist */ = {isa = PBXFileReference; lastKnownFileType = text.plist.xml; path = Info.plist; sourceTree = "<group>"; };
		C4CDC9221BCD2EC20061C168 /* Myriad Pro */ = {isa = PBXFileReference; lastKnownFileType = folder; path = "Myriad Pro"; sourceTree = "<group>"; };
		C4CDC9241BCD37130061C168 /* GESearchViewController.h */ = {isa = PBXFileReference; fileEncoding = 4; lastKnownFileType = sourcecode.c.h; path = GESearchViewController.h; sourceTree = "<group>"; };
		C4CDC9251BCD37130061C168 /* GESearchViewController.m */ = {isa = PBXFileReference; fileEncoding = 4; lastKnownFileType = sourcecode.c.objc; path = GESearchViewController.m; sourceTree = "<group>"; };
		C4CDC92D1BCD3F080061C168 /* GECommunicator.h */ = {isa = PBXFileReference; fileEncoding = 4; lastKnownFileType = sourcecode.c.h; path = GECommunicator.h; sourceTree = "<group>"; };
		C4CDC92E1BCD3F080061C168 /* GECommunicator.m */ = {isa = PBXFileReference; fileEncoding = 4; lastKnownFileType = sourcecode.c.objc; path = GECommunicator.m; sourceTree = "<group>"; };
		C4CDC9321BCD3F390061C168 /* GEManager.h */ = {isa = PBXFileReference; fileEncoding = 4; lastKnownFileType = sourcecode.c.h; path = GEManager.h; sourceTree = "<group>"; };
		C4CDC9331BCD3F390061C168 /* GEManager.m */ = {isa = PBXFileReference; fileEncoding = 4; lastKnownFileType = sourcecode.c.objc; path = GEManager.m; sourceTree = "<group>"; };
/* End PBXFileReference section */

/* Begin PBXFrameworksBuildPhase section */
		C4CDC8AD1BCD10770061C168 /* Frameworks */ = {
			isa = PBXFrameworksBuildPhase;
			buildActionMask = 2147483647;
			files = (
			);
			runOnlyForDeploymentPostprocessing = 0;
		};
		C4CDC8C61BCD10780061C168 /* Frameworks */ = {
			isa = PBXFrameworksBuildPhase;
			buildActionMask = 2147483647;
			files = (
			);
			runOnlyForDeploymentPostprocessing = 0;
		};
		C4CDC8D11BCD10780061C168 /* Frameworks */ = {
			isa = PBXFrameworksBuildPhase;
			buildActionMask = 2147483647;
			files = (
			);
			runOnlyForDeploymentPostprocessing = 0;
		};
/* End PBXFrameworksBuildPhase section */

/* Begin PBXGroup section */
		C4CDC8A71BCD10770061C168 = {
			isa = PBXGroup;
			children = (
				C4CDC8B21BCD10770061C168 /* GoEuroObjC */,
				C4CDC8CC1BCD10780061C168 /* GoEuroObjCTests */,
				C4CDC8D71BCD10780061C168 /* GoEuroObjCUITests */,
				C4CDC8B11BCD10770061C168 /* Products */,
			);
			sourceTree = "<group>";
		};
		C4CDC8B11BCD10770061C168 /* Products */ = {
			isa = PBXGroup;
			children = (
				C4CDC8B01BCD10770061C168 /* GoEuroObjC.app */,
				C4CDC8C91BCD10780061C168 /* GoEuroObjCTests.xctest */,
				C4CDC8D41BCD10780061C168 /* GoEuroObjCUITests.xctest */,
			);
			name = Products;
			sourceTree = "<group>";
		};
		C4CDC8B21BCD10770061C168 /* GoEuroObjC */ = {
			isa = PBXGroup;
			children = (
				C4CDC92C1BCD3ED70061C168 /* Communicator */,
				C4CDC92B1BCD3EC80061C168 /* Manager */,
				C4CDC9291BCD3D790061C168 /* Delegates */,
				C4CDC9281BCD3D530061C168 /* Storyboards */,
				C4CDC9271BCD3D180061C168 /* ViewControllers */,
				C4CDC92A1BCD3E170061C168 /* Plists */,
				C4CDC8B31BCD10770061C168 /* Supporting Files */,
			);
			path = GoEuroObjC;
			sourceTree = "<group>";
		};
		C4CDC8B31BCD10770061C168 /* Supporting Files */ = {
			isa = PBXGroup;
			children = (
				C4CDC9221BCD2EC20061C168 /* Myriad Pro */,
				C4CDC8B41BCD10770061C168 /* main.m */,
			);
			name = "Supporting Files";
			sourceTree = "<group>";
		};
		C4CDC8CC1BCD10780061C168 /* GoEuroObjCTests */ = {
			isa = PBXGroup;
			children = (
				C4CDC8CD1BCD10780061C168 /* GoEuroObjCTests.m */,
				C4CDC8CF1BCD10780061C168 /* Info.plist */,
			);
			path = GoEuroObjCTests;
			sourceTree = "<group>";
		};
		C4CDC8D71BCD10780061C168 /* GoEuroObjCUITests */ = {
			isa = PBXGroup;
			children = (
				C4CDC8D81BCD10780061C168 /* GoEuroObjCUITests.m */,
				C4CDC8DA1BCD10780061C168 /* Info.plist */,
			);
			path = GoEuroObjCUITests;
			sourceTree = "<group>";
		};
		C4CDC9271BCD3D180061C168 /* ViewControllers */ = {
			isa = PBXGroup;
			children = (
				C4CDC9241BCD37130061C168 /* GESearchViewController.h */,
				C4CDC9251BCD37130061C168 /* GESearchViewController.m */,
			);
			name = ViewControllers;
			sourceTree = "<group>";
		};
		C4CDC9281BCD3D530061C168 /* Storyboards */ = {
			isa = PBXGroup;
			children = (
				C4CDC8C11BCD10780061C168 /* LaunchScreen.storyboard */,
				C4CDC8BC1BCD10780061C168 /* Main.storyboard */,
			);
			name = Storyboards;
			sourceTree = "<group>";
		};
		C4CDC9291BCD3D790061C168 /* Delegates */ = {
			isa = PBXGroup;
			children = (
				C4CDC8B61BCD10780061C168 /* GEAppDelegate.h */,
				C4CDC8B71BCD10780061C168 /* GEAppDelegate.m */,
			);
			name = Delegates;
			sourceTree = "<group>";
		};
		C4CDC92A1BCD3E170061C168 /* Plists */ = {
			isa = PBXGroup;
			children = (
				C4CDC8C41BCD10780061C168 /* Info.plist */,
			);
			name = Plists;
			sourceTree = "<group>";
		};
		C4CDC92B1BCD3EC80061C168 /* Manager */ = {
			isa = PBXGroup;
			children = (
				C4CDC9321BCD3F390061C168 /* GEManager.h */,
				C4CDC9331BCD3F390061C168 /* GEManager.m */,
			);
			name = Manager;
			sourceTree = "<group>";
		};
		C4CDC92C1BCD3ED70061C168 /* Communicator */ = {
			isa = PBXGroup;
			children = (
				C4CDC92D1BCD3F080061C168 /* GECommunicator.h */,
				C4CDC92E1BCD3F080061C168 /* GECommunicator.m */,
			);
			name = Communicator;
			sourceTree = "<group>";
		};
/* End PBXGroup section */

/* Begin PBXNativeTarget section */
		C4CDC8AF1BCD10770061C168 /* GoEuroObjC */ = {
			isa = PBXNativeTarget;
			buildConfigurationList = C4CDC8DD1BCD10780061C168 /* Build configuration list for PBXNativeTarget "GoEuroObjC" */;
			buildPhases = (
				C4CDC8AC1BCD10770061C168 /* Sources */,
				C4CDC8AD1BCD10770061C168 /* Frameworks */,
				C4CDC8AE1BCD10770061C168 /* Resources */,
			);
			buildRules = (
			);
			dependencies = (
			);
			name = GoEuroObjC;
			productName = GoEuroObjC;
			productReference = C4CDC8B01BCD10770061C168 /* GoEuroObjC.app */;
			productType = "com.apple.product-type.application";
		};
		C4CDC8C81BCD10780061C168 /* GoEuroObjCTests */ = {
			isa = PBXNativeTarget;
			buildConfigurationList = C4CDC8E01BCD10780061C168 /* Build configuration list for PBXNativeTarget "GoEuroObjCTests" */;
			buildPhases = (
				C4CDC8C51BCD10780061C168 /* Sources */,
				C4CDC8C61BCD10780061C168 /* Frameworks */,
				C4CDC8C71BCD10780061C168 /* Resources */,
			);
			buildRules = (
			);
			dependencies = (
				C4CDC8CB1BCD10780061C168 /* PBXTargetDependency */,
			);
			name = GoEuroObjCTests;
			productName = GoEuroObjCTests;
			productReference = C4CDC8C91BCD10780061C168 /* GoEuroObjCTests.xctest */;
			productType = "com.apple.product-type.bundle.unit-test";
		};
		C4CDC8D31BCD10780061C168 /* GoEuroObjCUITests */ = {
			isa = PBXNativeTarget;
			buildConfigurationList = C4CDC8E31BCD10780061C168 /* Build configuration list for PBXNativeTarget "GoEuroObjCUITests" */;
			buildPhases = (
				C4CDC8D01BCD10780061C168 /* Sources */,
				C4CDC8D11BCD10780061C168 /* Frameworks */,
				C4CDC8D21BCD10780061C168 /* Resources */,
			);
			buildRules = (
			);
			dependencies = (
				C4CDC8D61BCD10780061C168 /* PBXTargetDependency */,
			);
			name = GoEuroObjCUITests;
			productName = GoEuroObjCUITests;
			productReference = C4CDC8D41BCD10780061C168 /* GoEuroObjCUITests.xctest */;
			productType = "com.apple.product-type.bundle.ui-testing";
		};
/* End PBXNativeTarget section */

/* Begin PBXProject section */
		C4CDC8A81BCD10770061C168 /* Project object */ = {
			isa = PBXProject;
			attributes = {
				LastUpgradeCheck = 0700;
				ORGANIZATIONNAME = "Bob Godwin Obi";
				TargetAttributes = {
					C4CDC8AF1BCD10770061C168 = {
						CreatedOnToolsVersion = 7.0.1;
					};
					C4CDC8C81BCD10780061C168 = {
						CreatedOnToolsVersion = 7.0.1;
						TestTargetID = C4CDC8AF1BCD10770061C168;
					};
					C4CDC8D31BCD10780061C168 = {
						CreatedOnToolsVersion = 7.0.1;
						TestTargetID = C4CDC8AF1BCD10770061C168;
					};
				};
			};
			buildConfigurationList = C4CDC8AB1BCD10770061C168 /* Build configuration list for PBXProject "GoEuroObjC" */;
			compatibilityVersion = "Xcode 3.2";
			developmentRegion = English;
			hasScannedForEncodings = 0;
			knownRegions = (
				en,
				Base,
			);
			mainGroup = C4CDC8A71BCD10770061C168;
			productRefGroup = C4CDC8B11BCD10770061C168 /* Products */;
			projectDirPath = "";
			projectRoot = "";
			targets = (
				C4CDC8AF1BCD10770061C168 /* GoEuroObjC */,
				C4CDC8C81BCD10780061C168 /* GoEuroObjCTests */,
				C4CDC8D31BCD10780061C168 /* GoEuroObjCUITests */,
			);
		};
/* End PBXProject section */

/* Begin PBXResourcesBuildPhase section */
		C4CDC8AE1BCD10770061C168 /* Resources */ = {
			isa = PBXResourcesBuildPhase;
			buildActionMask = 2147483647;
			files = (
				C4CDC8C31BCD10780061C168 /* LaunchScreen.storyboard in Resources */,
				C4CDC9231BCD2EC20061C168 /* Myriad Pro in Resources */,
				C4CDC8BE1BCD10780061C168 /* Main.storyboard in Resources */,
			);
			runOnlyForDeploymentPostprocessing = 0;
		};
		C4CDC8C71BCD10780061C168 /* Resources */ = {
			isa = PBXResourcesBuildPhase;
			buildActionMask = 2147483647;
			files = (
			);
			runOnlyForDeploymentPostprocessing = 0;
		};
		C4CDC8D21BCD10780061C168 /* Resources */ = {
			isa = PBXResourcesBuildPhase;
			buildActionMask = 2147483647;
			files = (
			);
			runOnlyForDeploymentPostprocessing = 0;
		};
/* End PBXResourcesBuildPhase section */

/* Begin PBXSourcesBuildPhase section */
		C4CDC8AC1BCD10770061C168 /* Sources */ = {
			isa = PBXSourcesBuildPhase;
			buildActionMask = 2147483647;
			files = (
				C4CDC92F1BCD3F080061C168 /* GECommunicator.m in Sources */,
				C4CDC9261BCD37130061C168 /* GESearchViewController.m in Sources */,
				C4CDC9341BCD3F390061C168 /* GEManager.m in Sources */,
				C4CDC8B81BCD10780061C168 /* GEAppDelegate.m in Sources */,
				C4CDC8B51BCD10770061C168 /* main.m in Sources */,
			);
			runOnlyForDeploymentPostprocessing = 0;
		};
		C4CDC8C51BCD10780061C168 /* Sources */ = {
			isa = PBXSourcesBuildPhase;
			buildActionMask = 2147483647;
			files = (
				C4CDC9311BCD3F190061C168 /* GESearchViewController.m in Sources */,
				C4CDC9351BCD3F390061C168 /* GEManager.m in Sources */,
				C4CDC9301BCD3F080061C168 /* GECommunicator.m in Sources */,
				C4CDC8CE1BCD10780061C168 /* GoEuroObjCTests.m in Sources */,
			);
			runOnlyForDeploymentPostprocessing = 0;
		};
		C4CDC8D01BCD10780061C168 /* Sources */ = {
			isa = PBXSourcesBuildPhase;
			buildActionMask = 2147483647;
			files = (
				C4CDC8D91BCD10780061C168 /* GoEuroObjCUITests.m in Sources */,
			);
			runOnlyForDeploymentPostprocessing = 0;
		};
/* End PBXSourcesBuildPhase section */

/* Begin PBXTargetDependency section */
		C4CDC8CB1BCD10780061C168 /* PBXTargetDependency */ = {
			isa = PBXTargetDependency;
			target = C4CDC8AF1BCD10770061C168 /* GoEuroObjC */;
			targetProxy = C4CDC8CA1BCD10780061C168 /* PBXContainerItemProxy */;
		};
		C4CDC8D61BCD10780061C168 /* PBXTargetDependency */ = {
			isa = PBXTargetDependency;
			target = C4CDC8AF1BCD10770061C168 /* GoEuroObjC */;
			targetProxy = C4CDC8D51BCD10780061C168 /* PBXContainerItemProxy */;
		};
/* End PBXTargetDependency section */

/* Begin PBXVariantGroup section */
		C4CDC8BC1BCD10780061C168 /* Main.storyboard */ = {
			isa = PBXVariantGroup;
			children = (
				C4CDC8BD1BCD10780061C168 /* Base */,
			);
			name = Main.storyboard;
			sourceTree = "<group>";
		};
		C4CDC8C11BCD10780061C168 /* LaunchScreen.storyboard */ = {
			isa = PBXVariantGroup;
			children = (
				C4CDC8C21BCD10780061C168 /* Base */,
			);
			name = LaunchScreen.storyboard;
			sourceTree = "<group>";
		};
/* End PBXVariantGroup section */

/* Begin XCBuildConfiguration section */
		C4CDC8DB1BCD10780061C168 /* Debug */ = {
			isa = XCBuildConfiguration;
			buildSettings = {
				ALWAYS_SEARCH_USER_PATHS = NO;
				CLANG_CXX_LANGUAGE_STANDARD = "gnu++0x";
				CLANG_CXX_LIBRARY = "libc++";
				CLANG_ENABLE_MODULES = YES;
				CLANG_ENABLE_OBJC_ARC = YES;
				CLANG_WARN_BOOL_CONVERSION = YES;
				CLANG_WARN_CONSTANT_CONVERSION = YES;
				CLANG_WARN_DIRECT_OBJC_ISA_USAGE = YES_ERROR;
				CLANG_WARN_EMPTY_BODY = YES;
				CLANG_WARN_ENUM_CONVERSION = YES;
				CLANG_WARN_INT_CONVERSION = YES;
				CLANG_WARN_OBJC_ROOT_CLASS = YES_ERROR;
				CLANG_WARN_UNREACHABLE_CODE = YES;
				CLANG_WARN__DUPLICATE_METHOD_MATCH = YES;
				"CODE_SIGN_IDENTITY[sdk=iphoneos*]" = "iPhone Developer";
				COPY_PHASE_STRIP = NO;
				DEBUG_INFORMATION_FORMAT = dwarf;
				ENABLE_STRICT_OBJC_MSGSEND = YES;
				ENABLE_TESTABILITY = YES;
				GCC_C_LANGUAGE_STANDARD = gnu99;
				GCC_DYNAMIC_NO_PIC = NO;
				GCC_NO_COMMON_BLOCKS = YES;
				GCC_OPTIMIZATION_LEVEL = 0;
				GCC_PREPROCESSOR_DEFINITIONS = (
					"DEBUG=1",
					"$(inherited)",
				);
				GCC_WARN_64_TO_32_BIT_CONVERSION = YES;
				GCC_WARN_ABOUT_RETURN_TYPE = YES_ERROR;
				GCC_WARN_UNDECLARED_SELECTOR = YES;
				GCC_WARN_UNINITIALIZED_AUTOS = YES_AGGRESSIVE;
				GCC_WARN_UNUSED_FUNCTION = YES;
				GCC_WARN_UNUSED_VARIABLE = YES;
				IPHONEOS_DEPLOYMENT_TARGET = 9.0;
				MTL_ENABLE_DEBUG_INFO = YES;
				ONLY_ACTIVE_ARCH = YES;
				SDKROOT = iphoneos;
				TARGETED_DEVICE_FAMILY = "1,2";
			};
			name = Debug;
		};
		C4CDC8DC1BCD10780061C168 /* Release */ = {
			isa = XCBuildConfiguration;
			buildSettings = {
				ALWAYS_SEARCH_USER_PATHS = NO;
				CLANG_CXX_LANGUAGE_STANDARD = "gnu++0x";
				CLANG_CXX_LIBRARY = "libc++";
				CLANG_ENABLE_MODULES = YES;
				CLANG_ENABLE_OBJC_ARC = YES;
				CLANG_WARN_BOOL_CONVERSION = YES;
				CLANG_WARN_CONSTANT_CONVERSION = YES;
				CLANG_WARN_DIRECT_OBJC_ISA_USAGE = YES_ERROR;
				CLANG_WARN_EMPTY_BODY = YES;
				CLANG_WARN_ENUM_CONVERSION = YES;
				CLANG_WARN_INT_CONVERSION = YES;
				CLANG_WARN_OBJC_ROOT_CLASS = YES_ERROR;
				CLANG_WARN_UNREACHABLE_CODE = YES;
				CLANG_WARN__DUPLICATE_METHOD_MATCH = YES;
				"CODE_SIGN_IDENTITY[sdk=iphoneos*]" = "iPhone Developer";
				COPY_PHASE_STRIP = NO;
				DEBUG_INFORMATION_FORMAT = "dwarf-with-dsym";
				ENABLE_NS_ASSERTIONS = NO;
				ENABLE_STRICT_OBJC_MSGSEND = YES;
				GCC_C_LANGUAGE_STANDARD = gnu99;
				GCC_NO_COMMON_BLOCKS = YES;
				GCC_WARN_64_TO_32_BIT_CONVERSION = YES;
				GCC_WARN_ABOUT_RETURN_TYPE = YES_ERROR;
				GCC_WARN_UNDECLARED_SELECTOR = YES;
				GCC_WARN_UNINITIALIZED_AUTOS = YES_AGGRESSIVE;
				GCC_WARN_UNUSED_FUNCTION = YES;
				GCC_WARN_UNUSED_VARIABLE = YES;
				IPHONEOS_DEPLOYMENT_TARGET = 9.0;
				MTL_ENABLE_DEBUG_INFO = NO;
				SDKROOT = iphoneos;
				TARGETED_DEVICE_FAMILY = "1,2";
				VALIDATE_PRODUCT = YES;
			};
			name = Release;
		};
		C4CDC8DE1BCD10780061C168 /* Debug */ = {
			isa = XCBuildConfiguration;
			buildSettings = {
				ASSETCATALOG_COMPILER_APPICON_NAME = AppIcon;
				INFOPLIST_FILE = GoEuroObjC/Info.plist;
				LD_RUNPATH_SEARCH_PATHS = "$(inherited) @executable_path/Frameworks";
				PRODUCT_BUNDLE_IDENTIFIER = com.bobgodwinx.GoEuroObjC;
				PRODUCT_NAME = "$(TARGET_NAME)";
			};
			name = Debug;
		};
		C4CDC8DF1BCD10780061C168 /* Release */ = {
			isa = XCBuildConfiguration;
			buildSettings = {
				ASSETCATALOG_COMPILER_APPICON_NAME = AppIcon;
				INFOPLIST_FILE = GoEuroObjC/Info.plist;
				LD_RUNPATH_SEARCH_PATHS = "$(inherited) @executable_path/Frameworks";
				PRODUCT_BUNDLE_IDENTIFIER = com.bobgodwinx.GoEuroObjC;
				PRODUCT_NAME = "$(TARGET_NAME)";
			};
			name = Release;
		};
		C4CDC8E11BCD10780061C168 /* Debug */ = {
			isa = XCBuildConfiguration;
			buildSettings = {
				BUNDLE_LOADER = "$(TEST_HOST)";
				INFOPLIST_FILE = GoEuroObjCTests/Info.plist;
				LD_RUNPATH_SEARCH_PATHS = "$(inherited) @executable_path/Frameworks @loader_path/Frameworks";
				PRODUCT_BUNDLE_IDENTIFIER = com.bobgodwinx.GoEuroObjCTests;
				PRODUCT_NAME = "$(TARGET_NAME)";
				TEST_HOST = "$(BUILT_PRODUCTS_DIR)/GoEuroObjC.app/GoEuroObjC";
			};
			name = Debug;
		};
		C4CDC8E21BCD10780061C168 /* Release */ = {
			isa = XCBuildConfiguration;
			buildSettings = {
				BUNDLE_LOADER = "$(TEST_HOST)";
				INFOPLIST_FILE = GoEuroObjCTests/Info.plist;
				LD_RUNPATH_SEARCH_PATHS = "$(inherited) @executable_path/Frameworks @loader_path/Frameworks";
				PRODUCT_BUNDLE_IDENTIFIER = com.bobgodwinx.GoEuroObjCTests;
				PRODUCT_NAME = "$(TARGET_NAME)";
				TEST_HOST = "$(BUILT_PRODUCTS_DIR)/GoEuroObjC.app/GoEuroObjC";
			};
			name = Release;
		};
		C4CDC8E41BCD10780061C168 /* Debug */ = {
			isa = XCBuildConfiguration;
			buildSettings = {
				INFOPLIST_FILE = GoEuroObjCUITests/Info.plist;
				LD_RUNPATH_SEARCH_PATHS = "$(inherited) @executable_path/Frameworks @loader_path/Frameworks";
				PRODUCT_BUNDLE_IDENTIFIER = com.bobgodwinx.GoEuroObjCUITests;
				PRODUCT_NAME = "$(TARGET_NAME)";
				TEST_TARGET_NAME = GoEuroObjC;
				USES_XCTRUNNER = YES;
			};
			name = Debug;
		};
		C4CDC8E51BCD10780061C168 /* Release */ = {
			isa = XCBuildConfiguration;
			buildSettings = {
				INFOPLIST_FILE = GoEuroObjCUITests/Info.plist;
				LD_RUNPATH_SEARCH_PATHS = "$(inherited) @executable_path/Frameworks @loader_path/Frameworks";
				PRODUCT_BUNDLE_IDENTIFIER = com.bobgodwinx.GoEuroObjCUITests;
				PRODUCT_NAME = "$(TARGET_NAME)";
				TEST_TARGET_NAME = GoEuroObjC;
				USES_XCTRUNNER = YES;
			};
			name = Release;
		};
/* End XCBuildConfiguration section */

/* Begin XCConfigurationList section */
		C4CDC8AB1BCD10770061C168 /* Build configuration list for PBXProject "GoEuroObjC" */ = {
			isa = XCConfigurationList;
			buildConfigurations = (
				C4CDC8DB1BCD10780061C168 /* Debug */,
				C4CDC8DC1BCD10780061C168 /* Release */,
			);
			defaultConfigurationIsVisible = 0;
			defaultConfigurationName = Release;
		};
		C4CDC8DD1BCD10780061C168 /* Build configuration list for PBXNativeTarget "GoEuroObjC" */ = {
			isa = XCConfigurationList;
			buildConfigurations = (
				C4CDC8DE1BCD10780061C168 /* Debug */,
				C4CDC8DF1BCD10780061C168 /* Release */,
			);
			defaultConfigurationIsVisible = 0;
		};
		C4CDC8E01BCD10780061C168 /* Build configuration list for PBXNativeTarget "GoEuroObjCTests" */ = {
			isa = XCConfigurationList;
			buildConfigurations = (
				C4CDC8E11BCD10780061C168 /* Debug */,
				C4CDC8E21BCD10780061C168 /* Release */,
			);
			defaultConfigurationIsVisible = 0;
		};
		C4CDC8E31BCD10780061C168 /* Build configuration list for PBXNativeTarget "GoEuroObjCUITests" */ = {
			isa = XCConfigurationList;
			buildConfigurations = (
				C4CDC8E41BCD10780061C168 /* Debug */,
				C4CDC8E51BCD10780061C168 /* Release */,
			);
			defaultConfigurationIsVisible = 0;
		};
/* End XCConfigurationList section */
	};
	rootObject = C4CDC8A81BCD10770061C168 /* Project object */;
}
