// !$*UTF8*$!
{
	archiveVersion = 1;
	classes = {
	};
	objectVersion = 46;
	objects = {

/* Begin PBXBuildFile section */
		C47BB3561BD641840004A0D4 /* CommunicatorError.swift in Sources */ = {isa = PBXBuildFile; fileRef = C4C8CF9D1BD14B5400D22C3E /* CommunicatorError.swift */; settings = {ASSET_TAGS = (); }; };
		C47BB3581BD6444F0004A0D4 /* responseFile.json in Resources */ = {isa = PBXBuildFile; fileRef = C47BB3571BD6444F0004A0D4 /* responseFile.json */; settings = {ASSET_TAGS = (); }; };
		C48D18A01BD138030030DB11 /* SearchViewController.swift in Sources */ = {isa = PBXBuildFile; fileRef = C48D189F1BD138030030DB11 /* SearchViewController.swift */; settings = {ASSET_TAGS = (); }; };
		C4C8CF981BD13D3100D22C3E /* Communicator.swift in Sources */ = {isa = PBXBuildFile; fileRef = C4C8CF971BD13D3100D22C3E /* Communicator.swift */; settings = {ASSET_TAGS = (); }; };
		C4C8CF9C1BD1405000D22C3E /* Identifiers.swift in Sources */ = {isa = PBXBuildFile; fileRef = C4C8CF9B1BD1405000D22C3E /* Identifiers.swift */; settings = {ASSET_TAGS = (); }; };
		C4C8CF9E1BD14B5400D22C3E /* CommunicatorError.swift in Sources */ = {isa = PBXBuildFile; fileRef = C4C8CF9D1BD14B5400D22C3E /* CommunicatorError.swift */; settings = {ASSET_TAGS = (); }; };
		C4C8CFA01BD1716E00D22C3E /* Manager.swift in Sources */ = {isa = PBXBuildFile; fileRef = C4C8CF9F1BD1716E00D22C3E /* Manager.swift */; settings = {ASSET_TAGS = (); }; };
		C4C8CFA21BD173D300D22C3E /* Query.swift in Sources */ = {isa = PBXBuildFile; fileRef = C4C8CFA11BD173D300D22C3E /* Query.swift */; settings = {ASSET_TAGS = (); }; };
		C4C8CFA41BD174CE00D22C3E /* Builder.swift in Sources */ = {isa = PBXBuildFile; fileRef = C4C8CFA31BD174CE00D22C3E /* Builder.swift */; settings = {ASSET_TAGS = (); }; };
		C4C8CFA61BD1926A00D22C3E /* ManagerDelegate.swift in Sources */ = {isa = PBXBuildFile; fileRef = C4C8CFA51BD1926A00D22C3E /* ManagerDelegate.swift */; settings = {ASSET_TAGS = (); }; };
		C4C8CFA81BD192F700D22C3E /* Location.swift in Sources */ = {isa = PBXBuildFile; fileRef = C4C8CFA71BD192F700D22C3E /* Location.swift */; settings = {ASSET_TAGS = (); }; };
		C4C8CFAC1BD50C6300D22C3E /* LocationsTableViewController.swift in Sources */ = {isa = PBXBuildFile; fileRef = C4C8CFAB1BD50C6300D22C3E /* LocationsTableViewController.swift */; settings = {ASSET_TAGS = (); }; };
		C4C8CFAE1BD50CB500D22C3E /* LocationTableViewCell.swift in Sources */ = {isa = PBXBuildFile; fileRef = C4C8CFAD1BD50CB500D22C3E /* LocationTableViewCell.swift */; settings = {ASSET_TAGS = (); }; };
		C4C8CFB01BD511AC00D22C3E /* LocationsTableViewDelegate.swift in Sources */ = {isa = PBXBuildFile; fileRef = C4C8CFAF1BD511AC00D22C3E /* LocationsTableViewDelegate.swift */; settings = {ASSET_TAGS = (); }; };
		C4C8CFB21BD511DE00D22C3E /* LocationsTableViewDataSource.swift in Sources */ = {isa = PBXBuildFile; fileRef = C4C8CFB11BD511DE00D22C3E /* LocationsTableViewDataSource.swift */; settings = {ASSET_TAGS = (); }; };
		C4C8CFB51BD52C5800D22C3E /* LocationManagerDelegate.swift in Sources */ = {isa = PBXBuildFile; fileRef = C4C8CFB41BD52C5800D22C3E /* LocationManagerDelegate.swift */; settings = {ASSET_TAGS = (); }; };
		C4C8CFB71BD52C9400D22C3E /* LocationManager.swift in Sources */ = {isa = PBXBuildFile; fileRef = C4C8CFB61BD52C9400D22C3E /* LocationManager.swift */; settings = {ASSET_TAGS = (); }; };
		C4C8CFB91BD52CDC00D22C3E /* LocationError.swift in Sources */ = {isa = PBXBuildFile; fileRef = C4C8CFB81BD52CDC00D22C3E /* LocationError.swift */; settings = {ASSET_TAGS = (); }; };
		C4C8CFBB1BD5384900D22C3E /* Myriad Pro in Resources */ = {isa = PBXBuildFile; fileRef = C4C8CFBA1BD5384900D22C3E /* Myriad Pro */; settings = {ASSET_TAGS = (); }; };
		C4CDC8F31BCD10E40061C168 /* AppDelegate.swift in Sources */ = {isa = PBXBuildFile; fileRef = C4CDC8F21BCD10E40061C168 /* AppDelegate.swift */; };
		C4CDC8F81BCD10E40061C168 /* Main.storyboard in Resources */ = {isa = PBXBuildFile; fileRef = C4CDC8F61BCD10E40061C168 /* Main.storyboard */; };
		C4CDC8FA1BCD10E40061C168 /* Assets.xcassets in Resources */ = {isa = PBXBuildFile; fileRef = C4CDC8F91BCD10E40061C168 /* Assets.xcassets */; };
		C4CDC8FD1BCD10E40061C168 /* LaunchScreen.storyboard in Resources */ = {isa = PBXBuildFile; fileRef = C4CDC8FB1BCD10E40061C168 /* LaunchScreen.storyboard */; };
		C4CDC9081BCD10E50061C168 /* GoEuroSwiftTests.swift in Sources */ = {isa = PBXBuildFile; fileRef = C4CDC9071BCD10E50061C168 /* GoEuroSwiftTests.swift */; };
		C4CDC9131BCD10E50061C168 /* GoEuroSwiftUITests.swift in Sources */ = {isa = PBXBuildFile; fileRef = C4CDC9121BCD10E50061C168 /* GoEuroSwiftUITests.swift */; };
		C4FF7E931BCFE258006A44FD /* GEBerlin.gpx in Resources */ = {isa = PBXBuildFile; fileRef = C4FF7E921BCFE258006A44FD /* GEBerlin.gpx */; settings = {ASSET_TAGS = (); }; };
/* End PBXBuildFile section */

/* Begin PBXContainerItemProxy section */
		C4CDC9041BCD10E50061C168 /* PBXContainerItemProxy */ = {
			isa = PBXContainerItemProxy;
			containerPortal = C4CDC8E71BCD10E40061C168 /* Project object */;
			proxyType = 1;
			remoteGlobalIDString = C4CDC8EE1BCD10E40061C168;
			remoteInfo = GoEuroSwift;
		};
		C4CDC90F1BCD10E50061C168 /* PBXContainerItemProxy */ = {
			isa = PBXContainerItemProxy;
			containerPortal = C4CDC8E71BCD10E40061C168 /* Project object */;
			proxyType = 1;
			remoteGlobalIDString = C4CDC8EE1BCD10E40061C168;
			remoteInfo = GoEuroSwift;
		};
/* End PBXContainerItemProxy section */

/* Begin PBXFileReference section */
		C47BB3571BD6444F0004A0D4 /* responseFile.json */ = {isa = PBXFileReference; fileEncoding = 4; lastKnownFileType = text.json; path = responseFile.json; sourceTree = "<group>"; };
		C48D189F1BD138030030DB11 /* SearchViewController.swift */ = {isa = PBXFileReference; fileEncoding = 4; lastKnownFileType = sourcecode.swift; path = SearchViewController.swift; sourceTree = "<group>"; };
		C4C8CF971BD13D3100D22C3E /* Communicator.swift */ = {isa = PBXFileReference; fileEncoding = 4; lastKnownFileType = sourcecode.swift; path = Communicator.swift; sourceTree = "<group>"; };
		C4C8CF9B1BD1405000D22C3E /* Identifiers.swift */ = {isa = PBXFileReference; fileEncoding = 4; lastKnownFileType = sourcecode.swift; path = Identifiers.swift; sourceTree = "<group>"; };
		C4C8CF9D1BD14B5400D22C3E /* CommunicatorError.swift */ = {isa = PBXFileReference; fileEncoding = 4; lastKnownFileType = sourcecode.swift; path = CommunicatorError.swift; sourceTree = "<group>"; };
		C4C8CF9F1BD1716E00D22C3E /* Manager.swift */ = {isa = PBXFileReference; fileEncoding = 4; lastKnownFileType = sourcecode.swift; path = Manager.swift; sourceTree = "<group>"; };
		C4C8CFA11BD173D300D22C3E /* Query.swift */ = {isa = PBXFileReference; fileEncoding = 4; lastKnownFileType = sourcecode.swift; path = Query.swift; sourceTree = "<group>"; };
		C4C8CFA31BD174CE00D22C3E /* Builder.swift */ = {isa = PBXFileReference; fileEncoding = 4; lastKnownFileType = sourcecode.swift; path = Builder.swift; sourceTree = "<group>"; };
		C4C8CFA51BD1926A00D22C3E /* ManagerDelegate.swift */ = {isa = PBXFileReference; fileEncoding = 4; lastKnownFileType = sourcecode.swift; path = ManagerDelegate.swift; sourceTree = "<group>"; };
		C4C8CFA71BD192F700D22C3E /* Location.swift */ = {isa = PBXFileReference; fileEncoding = 4; lastKnownFileType = sourcecode.swift; path = Location.swift; sourceTree = "<group>"; };
		C4C8CFAB1BD50C6300D22C3E /* LocationsTableViewController.swift */ = {isa = PBXFileReference; fileEncoding = 4; lastKnownFileType = sourcecode.swift; path = LocationsTableViewController.swift; sourceTree = "<group>"; };
		C4C8CFAD1BD50CB500D22C3E /* LocationTableViewCell.swift */ = {isa = PBXFileReference; fileEncoding = 4; lastKnownFileType = sourcecode.swift; path = LocationTableViewCell.swift; sourceTree = "<group>"; };
		C4C8CFAF1BD511AC00D22C3E /* LocationsTableViewDelegate.swift */ = {isa = PBXFileReference; fileEncoding = 4; lastKnownFileType = sourcecode.swift; path = LocationsTableViewDelegate.swift; sourceTree = "<group>"; };
		C4C8CFB11BD511DE00D22C3E /* LocationsTableViewDataSource.swift */ = {isa = PBXFileReference; fileEncoding = 4; lastKnownFileType = sourcecode.swift; path = LocationsTableViewDataSource.swift; sourceTree = "<group>"; };
		C4C8CFB41BD52C5800D22C3E /* LocationManagerDelegate.swift */ = {isa = PBXFileReference; fileEncoding = 4; lastKnownFileType = sourcecode.swift; path = LocationManagerDelegate.swift; sourceTree = "<group>"; };
		C4C8CFB61BD52C9400D22C3E /* LocationManager.swift */ = {isa = PBXFileReference; fileEncoding = 4; lastKnownFileType = sourcecode.swift; path = LocationManager.swift; sourceTree = "<group>"; };
		C4C8CFB81BD52CDC00D22C3E /* LocationError.swift */ = {isa = PBXFileReference; fileEncoding = 4; lastKnownFileType = sourcecode.swift; path = LocationError.swift; sourceTree = "<group>"; };
		C4C8CFBA1BD5384900D22C3E /* Myriad Pro */ = {isa = PBXFileReference; lastKnownFileType = folder; path = "Myriad Pro"; sourceTree = "<group>"; };
		C4CDC8EF1BCD10E40061C168 /* GoEuroSwift.app */ = {isa = PBXFileReference; explicitFileType = wrapper.application; includeInIndex = 0; path = GoEuroSwift.app; sourceTree = BUILT_PRODUCTS_DIR; };
		C4CDC8F21BCD10E40061C168 /* AppDelegate.swift */ = {isa = PBXFileReference; lastKnownFileType = sourcecode.swift; path = AppDelegate.swift; sourceTree = "<group>"; };
		C4CDC8F71BCD10E40061C168 /* Base */ = {isa = PBXFileReference; lastKnownFileType = file.storyboard; name = Base; path = Base.lproj/Main.storyboard; sourceTree = "<group>"; };
		C4CDC8F91BCD10E40061C168 /* Assets.xcassets */ = {isa = PBXFileReference; lastKnownFileType = folder.assetcatalog; path = Assets.xcassets; sourceTree = "<group>"; };
		C4CDC8FC1BCD10E40061C168 /* Base */ = {isa = PBXFileReference; lastKnownFileType = file.storyboard; name = Base; path = Base.lproj/LaunchScreen.storyboard; sourceTree = "<group>"; };
		C4CDC8FE1BCD10E40061C168 /* Info.plist */ = {isa = PBXFileReference; lastKnownFileType = text.plist.xml; path = Info.plist; sourceTree = "<group>"; };
		C4CDC9031BCD10E50061C168 /* GoEuroSwiftTests.xctest */ = {isa = PBXFileReference; explicitFileType = wrapper.cfbundle; includeInIndex = 0; path = GoEuroSwiftTests.xctest; sourceTree = BUILT_PRODUCTS_DIR; };
		C4CDC9071BCD10E50061C168 /* GoEuroSwiftTests.swift */ = {isa = PBXFileReference; lastKnownFileType = sourcecode.swift; path = GoEuroSwiftTests.swift; sourceTree = "<group>"; };
		C4CDC9091BCD10E50061C168 /* Info.plist */ = {isa = PBXFileReference; lastKnownFileType = text.plist.xml; path = Info.plist; sourceTree = "<group>"; };
		C4CDC90E1BCD10E50061C168 /* GoEuroSwiftUITests.xctest */ = {isa = PBXFileReference; explicitFileType = wrapper.cfbundle; includeInIndex = 0; path = GoEuroSwiftUITests.xctest; sourceTree = BUILT_PRODUCTS_DIR; };
		C4CDC9121BCD10E50061C168 /* GoEuroSwiftUITests.swift */ = {isa = PBXFileReference; lastKnownFileType = sourcecode.swift; path = GoEuroSwiftUITests.swift; sourceTree = "<group>"; };
		C4CDC9141BCD10E50061C168 /* Info.plist */ = {isa = PBXFileReference; lastKnownFileType = text.plist.xml; path = Info.plist; sourceTree = "<group>"; };
		C4FF7E921BCFE258006A44FD /* GEBerlin.gpx */ = {isa = PBXFileReference; fileEncoding = 4; lastKnownFileType = text.xml; path = GEBerlin.gpx; sourceTree = "<group>"; };
/* End PBXFileReference section */

/* Begin PBXFrameworksBuildPhase section */
		C4CDC8EC1BCD10E40061C168 /* Frameworks */ = {
			isa = PBXFrameworksBuildPhase;
			buildActionMask = 2147483647;
			files = (
			);
			runOnlyForDeploymentPostprocessing = 0;
		};
		C4CDC9001BCD10E50061C168 /* Frameworks */ = {
			isa = PBXFrameworksBuildPhase;
			buildActionMask = 2147483647;
			files = (
			);
			runOnlyForDeploymentPostprocessing = 0;
		};
		C4CDC90B1BCD10E50061C168 /* Frameworks */ = {
			isa = PBXFrameworksBuildPhase;
			buildActionMask = 2147483647;
			files = (
			);
			runOnlyForDeploymentPostprocessing = 0;
		};
/* End PBXFrameworksBuildPhase section */

/* Begin PBXGroup section */
		C48D18971BD136C20030DB11 /* AppDelegate */ = {
			isa = PBXGroup;
			children = (
				C4CDC8F21BCD10E40061C168 /* AppDelegate.swift */,
			);
			name = AppDelegate;
			sourceTree = "<group>";
		};
		C48D18981BD136D30030DB11 /* Storyboards */ = {
			isa = PBXGroup;
			children = (
				C4CDC8FB1BCD10E40061C168 /* LaunchScreen.storyboard */,
				C4CDC8F61BCD10E40061C168 /* Main.storyboard */,
			);
			name = Storyboards;
			sourceTree = "<group>";
		};
		C48D18991BD137080030DB11 /* Communicator */ = {
			isa = PBXGroup;
			children = (
				C4C8CF971BD13D3100D22C3E /* Communicator.swift */,
				C4C8CF9D1BD14B5400D22C3E /* CommunicatorError.swift */,
			);
			name = Communicator;
			sourceTree = "<group>";
		};
		C48D189A1BD1371A0030DB11 /* Singleton */ = {
			isa = PBXGroup;
			children = (
				C4C8CF9F1BD1716E00D22C3E /* Manager.swift */,
				C4C8CFA51BD1926A00D22C3E /* ManagerDelegate.swift */,
			);
			name = Singleton;
			sourceTree = "<group>";
		};
		C48D189B1BD137300030DB11 /* ViewControllers */ = {
			isa = PBXGroup;
			children = (
				C48D189F1BD138030030DB11 /* SearchViewController.swift */,
				C4C8CFAB1BD50C6300D22C3E /* LocationsTableViewController.swift */,
				C4C8CFAF1BD511AC00D22C3E /* LocationsTableViewDelegate.swift */,
				C4C8CFB11BD511DE00D22C3E /* LocationsTableViewDataSource.swift */,
			);
			name = ViewControllers;
			sourceTree = "<group>";
		};
		C48D189C1BD137630030DB11 /* Builders */ = {
			isa = PBXGroup;
			children = (
				C4C8CFA31BD174CE00D22C3E /* Builder.swift */,
			);
			name = Builders;
			sourceTree = "<group>";
		};
		C48D189D1BD137700030DB11 /* Models */ = {
			isa = PBXGroup;
			children = (
				C4C8CF9B1BD1405000D22C3E /* Identifiers.swift */,
				C4C8CFA11BD173D300D22C3E /* Query.swift */,
				C4C8CFA71BD192F700D22C3E /* Location.swift */,
				C4C8CFAD1BD50CB500D22C3E /* LocationTableViewCell.swift */,
			);
			name = Models;
			sourceTree = "<group>";
		};
		C48D189E1BD137860030DB11 /* Plists */ = {
			isa = PBXGroup;
			children = (
				C4CDC8FE1BCD10E40061C168 /* Info.plist */,
			);
			name = Plists;
			sourceTree = "<group>";
		};
		C4C8CFB31BD52C0B00D22C3E /* Core Location */ = {
			isa = PBXGroup;
			children = (
				C4C8CFB41BD52C5800D22C3E /* LocationManagerDelegate.swift */,
				C4C8CFB61BD52C9400D22C3E /* LocationManager.swift */,
				C4C8CFB81BD52CDC00D22C3E /* LocationError.swift */,
			);
			name = "Core Location";
			sourceTree = "<group>";
		};
		C4CDC8E61BCD10E40061C168 = {
			isa = PBXGroup;
			children = (
				C4CDC8F11BCD10E40061C168 /* GoEuroSwift */,
				C4CDC9061BCD10E50061C168 /* GoEuroSwiftTests */,
				C4CDC9111BCD10E50061C168 /* GoEuroSwiftUITests */,
				C4CDC8F01BCD10E40061C168 /* Products */,
			);
			sourceTree = "<group>";
		};
		C4CDC8F01BCD10E40061C168 /* Products */ = {
			isa = PBXGroup;
			children = (
				C4CDC8EF1BCD10E40061C168 /* GoEuroSwift.app */,
				C4CDC9031BCD10E50061C168 /* GoEuroSwiftTests.xctest */,
				C4CDC90E1BCD10E50061C168 /* GoEuroSwiftUITests.xctest */,
			);
			name = Products;
			sourceTree = "<group>";
		};
		C4CDC8F11BCD10E40061C168 /* GoEuroSwift */ = {
			isa = PBXGroup;
			children = (
				C48D18971BD136C20030DB11 /* AppDelegate */,
				C48D18991BD137080030DB11 /* Communicator */,
				C48D189A1BD1371A0030DB11 /* Singleton */,
				C4C8CFB31BD52C0B00D22C3E /* Core Location */,
				C48D189B1BD137300030DB11 /* ViewControllers */,
				C48D189C1BD137630030DB11 /* Builders */,
				C48D189D1BD137700030DB11 /* Models */,
				C48D18981BD136D30030DB11 /* Storyboards */,
				C48D189E1BD137860030DB11 /* Plists */,
				C4CDC8F91BCD10E40061C168 /* Assets.xcassets */,
				C4C8CFBA1BD5384900D22C3E /* Myriad Pro */,
				C4FF7E921BCFE258006A44FD /* GEBerlin.gpx */,
				C47BB3571BD6444F0004A0D4 /* responseFile.json */,
			);
			path = GoEuroSwift;
			sourceTree = "<group>";
		};
		C4CDC9061BCD10E50061C168 /* GoEuroSwiftTests */ = {
			isa = PBXGroup;
			children = (
				C4CDC9071BCD10E50061C168 /* GoEuroSwiftTests.swift */,
				C4CDC9091BCD10E50061C168 /* Info.plist */,
			);
			path = GoEuroSwiftTests;
			sourceTree = "<group>";
		};
		C4CDC9111BCD10E50061C168 /* GoEuroSwiftUITests */ = {
			isa = PBXGroup;
			children = (
				C4CDC9121BCD10E50061C168 /* GoEuroSwiftUITests.swift */,
				C4CDC9141BCD10E50061C168 /* Info.plist */,
			);
			path = GoEuroSwiftUITests;
			sourceTree = "<group>";
		};
/* End PBXGroup section */

/* Begin PBXNativeTarget section */
		C4CDC8EE1BCD10E40061C168 /* GoEuroSwift */ = {
			isa = PBXNativeTarget;
			buildConfigurationList = C4CDC9171BCD10E50061C168 /* Build configuration list for PBXNativeTarget "GoEuroSwift" */;
			buildPhases = (
				C4CDC8EB1BCD10E40061C168 /* Sources */,
				C4CDC8EC1BCD10E40061C168 /* Frameworks */,
				C4CDC8ED1BCD10E40061C168 /* Resources */,
			);
			buildRules = (
			);
			dependencies = (
			);
			name = GoEuroSwift;
			productName = GoEuroSwift;
			productReference = C4CDC8EF1BCD10E40061C168 /* GoEuroSwift.app */;
			productType = "com.apple.product-type.application";
		};
		C4CDC9021BCD10E50061C168 /* GoEuroSwiftTests */ = {
			isa = PBXNativeTarget;
			buildConfigurationList = C4CDC91A1BCD10E50061C168 /* Build configuration list for PBXNativeTarget "GoEuroSwiftTests" */;
			buildPhases = (
				C4CDC8FF1BCD10E50061C168 /* Sources */,
				C4CDC9001BCD10E50061C168 /* Frameworks */,
				C4CDC9011BCD10E50061C168 /* Resources */,
			);
			buildRules = (
			);
			dependencies = (
				C4CDC9051BCD10E50061C168 /* PBXTargetDependency */,
			);
			name = GoEuroSwiftTests;
			productName = GoEuroSwiftTests;
			productReference = C4CDC9031BCD10E50061C168 /* GoEuroSwiftTests.xctest */;
			productType = "com.apple.product-type.bundle.unit-test";
		};
		C4CDC90D1BCD10E50061C168 /* GoEuroSwiftUITests */ = {
			isa = PBXNativeTarget;
			buildConfigurationList = C4CDC91D1BCD10E50061C168 /* Build configuration list for PBXNativeTarget "GoEuroSwiftUITests" */;
			buildPhases = (
				C4CDC90A1BCD10E50061C168 /* Sources */,
				C4CDC90B1BCD10E50061C168 /* Frameworks */,
				C4CDC90C1BCD10E50061C168 /* Resources */,
			);
			buildRules = (
			);
			dependencies = (
				C4CDC9101BCD10E50061C168 /* PBXTargetDependency */,
			);
			name = GoEuroSwiftUITests;
			productName = GoEuroSwiftUITests;
			productReference = C4CDC90E1BCD10E50061C168 /* GoEuroSwiftUITests.xctest */;
			productType = "com.apple.product-type.bundle.ui-testing";
		};
/* End PBXNativeTarget section */

/* Begin PBXProject section */
		C4CDC8E71BCD10E40061C168 /* Project object */ = {
			isa = PBXProject;
			attributes = {
				LastUpgradeCheck = 0700;
				ORGANIZATIONNAME = "Bob Godwin Obi";
				TargetAttributes = {
					C4CDC8EE1BCD10E40061C168 = {
						CreatedOnToolsVersion = 7.0.1;
						DevelopmentTeam = FQSY778SP8;
					};
					C4CDC9021BCD10E50061C168 = {
						CreatedOnToolsVersion = 7.0.1;
						TestTargetID = C4CDC8EE1BCD10E40061C168;
					};
					C4CDC90D1BCD10E50061C168 = {
						CreatedOnToolsVersion = 7.0.1;
						TestTargetID = C4CDC8EE1BCD10E40061C168;
					};
				};
			};
			buildConfigurationList = C4CDC8EA1BCD10E40061C168 /* Build configuration list for PBXProject "GoEuroSwift" */;
			compatibilityVersion = "Xcode 3.2";
			developmentRegion = English;
			hasScannedForEncodings = 0;
			knownRegions = (
				en,
				Base,
			);
			mainGroup = C4CDC8E61BCD10E40061C168;
			productRefGroup = C4CDC8F01BCD10E40061C168 /* Products */;
			projectDirPath = "";
			projectRoot = "";
			targets = (
				C4CDC8EE1BCD10E40061C168 /* GoEuroSwift */,
				C4CDC9021BCD10E50061C168 /* GoEuroSwiftTests */,
				C4CDC90D1BCD10E50061C168 /* GoEuroSwiftUITests */,
			);
		};
/* End PBXProject section */

/* Begin PBXResourcesBuildPhase section */
		C4CDC8ED1BCD10E40061C168 /* Resources */ = {
			isa = PBXResourcesBuildPhase;
			buildActionMask = 2147483647;
			files = (
				C4CDC8FD1BCD10E40061C168 /* LaunchScreen.storyboard in Resources */,
				C4C8CFBB1BD5384900D22C3E /* Myriad Pro in Resources */,
				C47BB3581BD6444F0004A0D4 /* responseFile.json in Resources */,
				C4FF7E931BCFE258006A44FD /* GEBerlin.gpx in Resources */,
				C4CDC8FA1BCD10E40061C168 /* Assets.xcassets in Resources */,
				C4CDC8F81BCD10E40061C168 /* Main.storyboard in Resources */,
			);
			runOnlyForDeploymentPostprocessing = 0;
		};
		C4CDC9011BCD10E50061C168 /* Resources */ = {
			isa = PBXResourcesBuildPhase;
			buildActionMask = 2147483647;
			files = (
			);
			runOnlyForDeploymentPostprocessing = 0;
		};
		C4CDC90C1BCD10E50061C168 /* Resources */ = {
			isa = PBXResourcesBuildPhase;
			buildActionMask = 2147483647;
			files = (
			);
			runOnlyForDeploymentPostprocessing = 0;
		};
/* End PBXResourcesBuildPhase section */

/* Begin PBXSourcesBuildPhase section */
		C4CDC8EB1BCD10E40061C168 /* Sources */ = {
			isa = PBXSourcesBuildPhase;
			buildActionMask = 2147483647;
			files = (
				C4C8CFAC1BD50C6300D22C3E /* LocationsTableViewController.swift in Sources */,
				C4C8CFA61BD1926A00D22C3E /* ManagerDelegate.swift in Sources */,
				C4C8CF981BD13D3100D22C3E /* Communicator.swift in Sources */,
				C4C8CFA81BD192F700D22C3E /* Location.swift in Sources */,
				C4C8CFB91BD52CDC00D22C3E /* LocationError.swift in Sources */,
				C4C8CFB71BD52C9400D22C3E /* LocationManager.swift in Sources */,
				C4C8CFA21BD173D300D22C3E /* Query.swift in Sources */,
				C48D18A01BD138030030DB11 /* SearchViewController.swift in Sources */,
				C4C8CFAE1BD50CB500D22C3E /* LocationTableViewCell.swift in Sources */,
				C4C8CF9E1BD14B5400D22C3E /* CommunicatorError.swift in Sources */,
				C4C8CFB01BD511AC00D22C3E /* LocationsTableViewDelegate.swift in Sources */,
				C4C8CFB21BD511DE00D22C3E /* LocationsTableViewDataSource.swift in Sources */,
				C4C8CF9C1BD1405000D22C3E /* Identifiers.swift in Sources */,
				C4C8CFB51BD52C5800D22C3E /* LocationManagerDelegate.swift in Sources */,
				C4CDC8F31BCD10E40061C168 /* AppDelegate.swift in Sources */,
				C4C8CFA01BD1716E00D22C3E /* Manager.swift in Sources */,
				C4C8CFA41BD174CE00D22C3E /* Builder.swift in Sources */,
			);
			runOnlyForDeploymentPostprocessing = 0;
		};
		C4CDC8FF1BCD10E50061C168 /* Sources */ = {
			isa = PBXSourcesBuildPhase;
			buildActionMask = 2147483647;
			files = (
				C4CDC9081BCD10E50061C168 /* GoEuroSwiftTests.swift in Sources */,
				C47BB3561BD641840004A0D4 /* CommunicatorError.swift in Sources */,
			);
			runOnlyForDeploymentPostprocessing = 0;
		};
		C4CDC90A1BCD10E50061C168 /* Sources */ = {
			isa = PBXSourcesBuildPhase;
			buildActionMask = 2147483647;
			files = (
				C4CDC9131BCD10E50061C168 /* GoEuroSwiftUITests.swift in Sources */,
			);
			runOnlyForDeploymentPostprocessing = 0;
		};
/* End PBXSourcesBuildPhase section */

/* Begin PBXTargetDependency section */
		C4CDC9051BCD10E50061C168 /* PBXTargetDependency */ = {
			isa = PBXTargetDependency;
			target = C4CDC8EE1BCD10E40061C168 /* GoEuroSwift */;
			targetProxy = C4CDC9041BCD10E50061C168 /* PBXContainerItemProxy */;
		};
		C4CDC9101BCD10E50061C168 /* PBXTargetDependency */ = {
			isa = PBXTargetDependency;
			target = C4CDC8EE1BCD10E40061C168 /* GoEuroSwift */;
			targetProxy = C4CDC90F1BCD10E50061C168 /* PBXContainerItemProxy */;
		};
/* End PBXTargetDependency section */

/* Begin PBXVariantGroup section */
		C4CDC8F61BCD10E40061C168 /* Main.storyboard */ = {
			isa = PBXVariantGroup;
			children = (
				C4CDC8F71BCD10E40061C168 /* Base */,
			);
			name = Main.storyboard;
			sourceTree = "<group>";
		};
		C4CDC8FB1BCD10E40061C168 /* LaunchScreen.storyboard */ = {
			isa = PBXVariantGroup;
			children = (
				C4CDC8FC1BCD10E40061C168 /* Base */,
			);
			name = LaunchScreen.storyboard;
			sourceTree = "<group>";
		};
/* End PBXVariantGroup section */

/* Begin XCBuildConfiguration section */
		C4CDC9151BCD10E50061C168 /* Debug */ = {
			isa = XCBuildConfiguration;
			buildSettings = {
				ALWAYS_SEARCH_USER_PATHS = NO;
				CLANG_CXX_LANGUAGE_STANDARD = "gnu++0x";
				CLANG_CXX_LIBRARY = "libc++";
				CLANG_ENABLE_MODULES = YES;
				CLANG_ENABLE_OBJC_ARC = YES;
				CLANG_WARN_BOOL_CONVERSION = YES;
				CLANG_WARN_CONSTANT_CONVERSION = YES;
				CLANG_WARN_DIRECT_OBJC_ISA_USAGE = YES_ERROR;
				CLANG_WARN_EMPTY_BODY = YES;
				CLANG_WARN_ENUM_CONVERSION = YES;
				CLANG_WARN_INT_CONVERSION = YES;
				CLANG_WARN_OBJC_ROOT_CLASS = YES_ERROR;
				CLANG_WARN_UNREACHABLE_CODE = YES;
				CLANG_WARN__DUPLICATE_METHOD_MATCH = YES;
				"CODE_SIGN_IDENTITY[sdk=iphoneos*]" = "iPhone Developer";
				COPY_PHASE_STRIP = NO;
				DEBUG_INFORMATION_FORMAT = dwarf;
				ENABLE_STRICT_OBJC_MSGSEND = YES;
				ENABLE_TESTABILITY = YES;
				GCC_C_LANGUAGE_STANDARD = gnu99;
				GCC_DYNAMIC_NO_PIC = NO;
				GCC_NO_COMMON_BLOCKS = YES;
				GCC_OPTIMIZATION_LEVEL = 0;
				GCC_PREPROCESSOR_DEFINITIONS = (
					"DEBUG=1",
					"$(inherited)",
				);
				GCC_WARN_64_TO_32_BIT_CONVERSION = YES;
				GCC_WARN_ABOUT_RETURN_TYPE = YES_ERROR;
				GCC_WARN_UNDECLARED_SELECTOR = YES;
				GCC_WARN_UNINITIALIZED_AUTOS = YES_AGGRESSIVE;
				GCC_WARN_UNUSED_FUNCTION = YES;
				GCC_WARN_UNUSED_VARIABLE = YES;
				IPHONEOS_DEPLOYMENT_TARGET = 9.0;
				MTL_ENABLE_DEBUG_INFO = YES;
				ONLY_ACTIVE_ARCH = YES;
				SDKROOT = iphoneos;
				SWIFT_OPTIMIZATION_LEVEL = "-Onone";
				TARGETED_DEVICE_FAMILY = "1,2";
			};
			name = Debug;
		};
		C4CDC9161BCD10E50061C168 /* Release */ = {
			isa = XCBuildConfiguration;
			buildSettings = {
				ALWAYS_SEARCH_USER_PATHS = NO;
				CLANG_CXX_LANGUAGE_STANDARD = "gnu++0x";
				CLANG_CXX_LIBRARY = "libc++";
				CLANG_ENABLE_MODULES = YES;
				CLANG_ENABLE_OBJC_ARC = YES;
				CLANG_WARN_BOOL_CONVERSION = YES;
				CLANG_WARN_CONSTANT_CONVERSION = YES;
				CLANG_WARN_DIRECT_OBJC_ISA_USAGE = YES_ERROR;
				CLANG_WARN_EMPTY_BODY = YES;
				CLANG_WARN_ENUM_CONVERSION = YES;
				CLANG_WARN_INT_CONVERSION = YES;
				CLANG_WARN_OBJC_ROOT_CLASS = YES_ERROR;
				CLANG_WARN_UNREACHABLE_CODE = YES;
				CLANG_WARN__DUPLICATE_METHOD_MATCH = YES;
				"CODE_SIGN_IDENTITY[sdk=iphoneos*]" = "iPhone Developer";
				COPY_PHASE_STRIP = NO;
				DEBUG_INFORMATION_FORMAT = "dwarf-with-dsym";
				ENABLE_NS_ASSERTIONS = NO;
				ENABLE_STRICT_OBJC_MSGSEND = YES;
				GCC_C_LANGUAGE_STANDARD = gnu99;
				GCC_NO_COMMON_BLOCKS = YES;
				GCC_WARN_64_TO_32_BIT_CONVERSION = YES;
				GCC_WARN_ABOUT_RETURN_TYPE = YES_ERROR;
				GCC_WARN_UNDECLARED_SELECTOR = YES;
				GCC_WARN_UNINITIALIZED_AUTOS = YES_AGGRESSIVE;
				GCC_WARN_UNUSED_FUNCTION = YES;
				GCC_WARN_UNUSED_VARIABLE = YES;
				IPHONEOS_DEPLOYMENT_TARGET = 9.0;
				MTL_ENABLE_DEBUG_INFO = NO;
				SDKROOT = iphoneos;
				TARGETED_DEVICE_FAMILY = "1,2";
				VALIDATE_PRODUCT = YES;
			};
			name = Release;
		};
		C4CDC9181BCD10E50061C168 /* Debug */ = {
			isa = XCBuildConfiguration;
			buildSettings = {
				ASSETCATALOG_COMPILER_APPICON_NAME = AppIcon;
				CODE_SIGN_IDENTITY = "iPhone Developer";
				"CODE_SIGN_IDENTITY[sdk=iphoneos*]" = "iPhone Developer";
				INFOPLIST_FILE = GoEuroSwift/Info.plist;
				IPHONEOS_DEPLOYMENT_TARGET = 8.0;
				LD_RUNPATH_SEARCH_PATHS = "$(inherited) @executable_path/Frameworks";
				PRODUCT_BUNDLE_IDENTIFIER = com.bobgodwinx.GoEuroSwift;
				PRODUCT_NAME = "$(TARGET_NAME)";
				PROVISIONING_PROFILE = "";
			};
			name = Debug;
		};
		C4CDC9191BCD10E50061C168 /* Release */ = {
			isa = XCBuildConfiguration;
			buildSettings = {
				ASSETCATALOG_COMPILER_APPICON_NAME = AppIcon;
				CODE_SIGN_IDENTITY = "iPhone Developer";
				"CODE_SIGN_IDENTITY[sdk=iphoneos*]" = "iPhone Developer";
				INFOPLIST_FILE = GoEuroSwift/Info.plist;
				IPHONEOS_DEPLOYMENT_TARGET = 8.0;
				LD_RUNPATH_SEARCH_PATHS = "$(inherited) @executable_path/Frameworks";
				PRODUCT_BUNDLE_IDENTIFIER = com.bobgodwinx.GoEuroSwift;
				PRODUCT_NAME = "$(TARGET_NAME)";
				PROVISIONING_PROFILE = "";
			};
			name = Release;
		};
		C4CDC91B1BCD10E50061C168 /* Debug */ = {
			isa = XCBuildConfiguration;
			buildSettings = {
				BUNDLE_LOADER = "$(TEST_HOST)";
				INFOPLIST_FILE = GoEuroSwiftTests/Info.plist;
				LD_RUNPATH_SEARCH_PATHS = "$(inherited) @executable_path/Frameworks @loader_path/Frameworks";
				PRODUCT_BUNDLE_IDENTIFIER = com.bobgodwinx.GoEuroSwiftTests;
				PRODUCT_NAME = "$(TARGET_NAME)";
				TEST_HOST = "$(BUILT_PRODUCTS_DIR)/GoEuroSwift.app/GoEuroSwift";
			};
			name = Debug;
		};
		C4CDC91C1BCD10E50061C168 /* Release */ = {
			isa = XCBuildConfiguration;
			buildSettings = {
				BUNDLE_LOADER = "$(TEST_HOST)";
				INFOPLIST_FILE = GoEuroSwiftTests/Info.plist;
				LD_RUNPATH_SEARCH_PATHS = "$(inherited) @executable_path/Frameworks @loader_path/Frameworks";
				PRODUCT_BUNDLE_IDENTIFIER = com.bobgodwinx.GoEuroSwiftTests;
				PRODUCT_NAME = "$(TARGET_NAME)";
				TEST_HOST = "$(BUILT_PRODUCTS_DIR)/GoEuroSwift.app/GoEuroSwift";
			};
			name = Release;
		};
		C4CDC91E1BCD10E50061C168 /* Debug */ = {
			isa = XCBuildConfiguration;
			buildSettings = {
				INFOPLIST_FILE = GoEuroSwiftUITests/Info.plist;
				LD_RUNPATH_SEARCH_PATHS = "$(inherited) @executable_path/Frameworks @loader_path/Frameworks";
				PRODUCT_BUNDLE_IDENTIFIER = com.bobgodwinx.GoEuroSwiftUITests;
				PRODUCT_NAME = "$(TARGET_NAME)";
				TEST_TARGET_NAME = GoEuroSwift;
				USES_XCTRUNNER = YES;
			};
			name = Debug;
		};
		C4CDC91F1BCD10E50061C168 /* Release */ = {
			isa = XCBuildConfiguration;
			buildSettings = {
				INFOPLIST_FILE = GoEuroSwiftUITests/Info.plist;
				LD_RUNPATH_SEARCH_PATHS = "$(inherited) @executable_path/Frameworks @loader_path/Frameworks";
				PRODUCT_BUNDLE_IDENTIFIER = com.bobgodwinx.GoEuroSwiftUITests;
				PRODUCT_NAME = "$(TARGET_NAME)";
				TEST_TARGET_NAME = GoEuroSwift;
				USES_XCTRUNNER = YES;
			};
			name = Release;
		};
/* End XCBuildConfiguration section */

/* Begin XCConfigurationList section */
		C4CDC8EA1BCD10E40061C168 /* Build configuration list for PBXProject "GoEuroSwift" */ = {
			isa = XCConfigurationList;
			buildConfigurations = (
				C4CDC9151BCD10E50061C168 /* Debug */,
				C4CDC9161BCD10E50061C168 /* Release */,
			);
			defaultConfigurationIsVisible = 0;
			defaultConfigurationName = Release;
		};
		C4CDC9171BCD10E50061C168 /* Build configuration list for PBXNativeTarget "GoEuroSwift" */ = {
			isa = XCConfigurationList;
			buildConfigurations = (
				C4CDC9181BCD10E50061C168 /* Debug */,
				C4CDC9191BCD10E50061C168 /* Release */,
			);
			defaultConfigurationIsVisible = 0;
			defaultConfigurationName = Release;
		};
		C4CDC91A1BCD10E50061C168 /* Build configuration list for PBXNativeTarget "GoEuroSwiftTests" */ = {
			isa = XCConfigurationList;
			buildConfigurations = (
				C4CDC91B1BCD10E50061C168 /* Debug */,
				C4CDC91C1BCD10E50061C168 /* Release */,
			);
			defaultConfigurationIsVisible = 0;
			defaultConfigurationName = Release;
		};
		C4CDC91D1BCD10E50061C168 /* Build configuration list for PBXNativeTarget "GoEuroSwiftUITests" */ = {
			isa = XCConfigurationList;
			buildConfigurations = (
				C4CDC91E1BCD10E50061C168 /* Debug */,
				C4CDC91F1BCD10E50061C168 /* Release */,
			);
			defaultConfigurationIsVisible = 0;
			defaultConfigurationName = Release;
		};
/* End XCConfigurationList section */
	};
	rootObject = C4CDC8E71BCD10E40061C168 /* Project object */;
}
